lockfileVersion: '9.0'

settings:
  autoInstallPeers: true
  excludeLinksFromLockfile: false

importers:

  .:
    devDependencies:
      peerjs:
        specifier: ^1.5.4
        version: 1.5.4
      servor:
        specifier: ^4.0.2
        version: 4.0.2

packages:

  '@msgpack/msgpack@2.8.0':
    resolution: {integrity: sha512-h9u4u/jiIRKbq25PM+zymTyW6bhTzELvOoUd+AvYriWOAKpLGnIamaET3pnHYoI5iYphAHBI4ayx0MehR+VVPQ==}
    engines: {node: '>= 10'}

  eventemitter3@4.0.7:
    resolution: {integrity: sha512-8guHBZCwKnFhYdHr2ysuRWErTwhoN2X8XELRlrRwpmfeY2jjuUN4taQMsULKUVo1K4DvZl+0pgfyoysHxvmvEw==}

  peerjs-js-binarypack@2.1.0:
    resolution: {integrity: sha512-YIwCC+pTzp3Bi8jPI9UFKO0t0SLo6xALnHkiNt/iUFmUUZG0fEEmEyFKvjsDKweiFitzHRyhuh6NvyJZ4nNxMg==}
    engines: {node: '>= 14.0.0'}

  peerjs@1.5.4:
    resolution: {integrity: sha512-yFsoLMnurJKlQbx6kVSBpOp+AlNldY1JQS2BrSsHLKCZnq6t7saHleuHM5svuLNbQkUJXHLF3sKOJB1K0xulOw==}
    engines: {node: '>= 14'}

  sdp@3.2.0:
    resolution: {integrity: sha512-d7wDPgDV3DDiqulJjKiV2865wKsJ34YI+NDREbm+FySq6WuKOikwyNQcm+doLAZ1O6ltdO0SeKle2xMpN3Brgw==}

  servor@4.0.2:
    resolution: {integrity: sha512-MlmQ5Ntv4jDYUN060x/KEmN7emvIqKMZ9OkM+nY8Bf2+KkyLmGsTqWLyAN2cZr5oESAcH00UanUyyrlS1LRjFw==}
    hasBin: true

  webrtc-adapter@9.0.1:
    resolution: {integrity: sha512-1AQO+d4ElfVSXyzNVTOewgGT/tAomwwztX/6e3totvyyzXPvXIIuUUjAmyZGbKBKbZOXauuJooZm3g6IuFuiNQ==}
    engines: {node: '>=6.0.0', npm: '>=3.10.0'}

snapshots:

  '@msgpack/msgpack@2.8.0': {}

  eventemitter3@4.0.7: {}

  peerjs-js-binarypack@2.1.0: {}

  peerjs@1.5.4:
    dependencies:
      '@msgpack/msgpack': 2.8.0
      eventemitter3: 4.0.7
      peerjs-js-binarypack: 2.1.0
      webrtc-adapter: 9.0.1

  sdp@3.2.0: {}

  servor@4.0.2: {}

  webrtc-adapter@9.0.1:
    dependencies:
      sdp: 3.2.0
